
Microsoft Visual Studio Solution File, Format Version 12.00
# Visual Studio Version 17
VisualStudioVersion = 17.4.33110.190
MinimumVisualStudioVersion = 10.0.40219.1
Project("{FAE04EC0-301F-11D3-BF4B-00C04F79EFBC}") = "excel-custom-function-vs-demo", "excel-custom-function-vs-demo\excel-custom-function-vs-demo.csproj", "{DE54EC11-CD03-4FFA-BB89-4ECBA858DE14}"
EndProject
Project("{FAE04EC0-301F-11D3-BF4B-00C04F79EFBC}") = "excel-custom-function-vs-demoWeb", "excel-custom-function-vs-demoWeb\excel-custom-function-vs-demoWeb.csproj", "{D102D582-CFE2-4350-85C5-C6533F8A2A0D}"
EndProject
Global
	GlobalSection(SolutionConfigurationPlatforms) = preSolution
		Debug|Any CPU = Debug|Any CPU
		Release|Any CPU = Release|Any CPU
	EndGlobalSection
	GlobalSection(ProjectConfigurationPlatforms) = postSolution
		{DE54EC11-CD03-4FFA-BB89-4ECBA858DE14}.Debug|Any CPU.ActiveCfg = Debug|Any CPU
		{DE54EC11-CD03-4FFA-BB89-4ECBA858DE14}.Debug|Any CPU.Build.0 = Debug|Any CPU
		{DE54EC11-CD03-4FFA-BB89-4ECBA858DE14}.Debug|Any CPU.Deploy.0 = Debug|Any CPU
		{DE54EC11-CD03-4FFA-BB89-4ECBA858DE14}.Release|Any CPU.ActiveCfg = Release|Any CPU
		{DE54EC11-CD03-4FFA-BB89-4ECBA858DE14}.Release|Any CPU.Build.0 = Release|Any CPU
		{DE54EC11-CD03-4FFA-BB89-4ECBA858DE14}.Release|Any CPU.Deploy.0 = Release|Any CPU
		{D102D582-CFE2-4350-85C5-C6533F8A2A0D}.Debug|Any CPU.ActiveCfg = Debug|Any CPU
		{D102D582-CFE2-4350-85C5-C6533F8A2A0D}.Debug|Any CPU.Build.0 = Debug|Any CPU
		{D102D582-CFE2-4350-85C5-C6533F8A2A0D}.Release|Any CPU.ActiveCfg = Release|Any CPU
		{D102D582-CFE2-4350-85C5-C6533F8A2A0D}.Release|Any CPU.Build.0 = Release|Any CPU
	EndGlobalSection
	GlobalSection(SolutionProperties) = preSolution
		HideSolutionNode = FALSE
	EndGlobalSection
	GlobalSection(ExtensibilityGlobals) = postSolution
		SolutionGuid = {FD06D6C4-07D3-4ED7-979D-9A9CDA55FCB6}
	EndGlobalSection
EndGlobal
